
Microsoft Visual Studio Solution File, Format Version 12.00
# Visual Studio Version 17
VisualStudioVersion = 17.7.34024.191
MinimumVisualStudioVersion = 10.0.40219.1
Project("{FAE04EC0-301F-11D3-BF4B-00C04F79EFBC}") = "CompilerStudio", "CompilerStudio\CompilerStudio.csproj", "{FFD92007-895B-4029-B9E3-D0DE5A260935}"
EndProject
Global
	GlobalSection(SolutionConfigurationPlatforms) = preSolution
		Debug|Any CPU = Debug|Any CPU
		Release|Any CPU = Release|Any CPU
	EndGlobalSection
	GlobalSection(ProjectConfigurationPlatforms) = postSolution
		{FFD92007-895B-4029-B9E3-D0DE5A260935}.Debug|Any CPU.ActiveCfg = Debug|Any CPU
		{FFD92007-895B-4029-B9E3-D0DE5A260935}.Debug|Any CPU.Build.0 = Debug|Any CPU
		{FFD92007-895B-4029-B9E3-D0DE5A260935}.Release|Any CPU.ActiveCfg = Release|Any CPU
		{FFD92007-895B-4029-B9E3-D0DE5A260935}.Release|Any CPU.Build.0 = Release|Any CPU
	EndGlobalSection
	GlobalSection(SolutionProperties) = preSolution
		HideSolutionNode = FALSE
	EndGlobalSection
	GlobalSection(ExtensibilityGlobals) = postSolution
		SolutionGuid = {295A14EA-413C-4CA8-AD42-8876CD747BEB}
	EndGlobalSection
EndGlobal
