
Microsoft Visual Studio Solution File, Format Version 12.00
# Visual Studio Version 17
VisualStudioVersion = 17.7.34024.191
MinimumVisualStudioVersion = 10.0.40219.1
Project("{FAE04EC0-301F-11D3-BF4B-00C04F79EFBC}") = "WinFormsApp1", "WinFormsApp1\WinFormsApp1.csproj", "{F317C8AF-1E5A-4EA0-A292-B2F34E7D157F}"
EndProject
Global
	GlobalSection(SolutionConfigurationPlatforms) = preSolution
		Debug|Any CPU = Debug|Any CPU
		Release|Any CPU = Release|Any CPU
	EndGlobalSection
	GlobalSection(ProjectConfigurationPlatforms) = postSolution
		{F317C8AF-1E5A-4EA0-A292-B2F34E7D157F}.Debug|Any CPU.ActiveCfg = Debug|Any CPU
		{F317C8AF-1E5A-4EA0-A292-B2F34E7D157F}.Debug|Any CPU.Build.0 = Debug|Any CPU
		{F317C8AF-1E5A-4EA0-A292-B2F34E7D157F}.Release|Any CPU.ActiveCfg = Release|Any CPU
		{F317C8AF-1E5A-4EA0-A292-B2F34E7D157F}.Release|Any CPU.Build.0 = Release|Any CPU
	EndGlobalSection
	GlobalSection(SolutionProperties) = preSolution
		HideSolutionNode = FALSE
	EndGlobalSection
	GlobalSection(ExtensibilityGlobals) = postSolution
		SolutionGuid = {77A99F94-CD83-42B1-AB67-49797F8B9F5D}
	EndGlobalSection
EndGlobal
